<?xml version="1.0" encoding="UTF-8"?>
<Scheme
   LastUpgradeVersion = "0640"
   version = "1.3">
   <BuildAction
      parallelizeBuildables = "YES"
      buildImplicitDependencies = "YES">
      <BuildActionEntries>
         <BuildActionEntry
            buildForTesting = "YES"
            buildForRunning = "YES"
            buildForProfiling = "YES"
            buildForArchiving = "YES"
            buildForAnalyzing = "YES">
            <BuildableReference
               BuildableIdentifier = "primary"
               BlueprintIdentifier = "992D5A421C57008900637F53"
               BuildableName = "hw1"
               BlueprintName = "hw1"
               ReferencedContainer = "container:hw1.xcodeproj">
            </BuildableReference>
         </BuildActionEntry>
      </BuildActionEntries>
   </BuildAction>
   <TestAction
      selectedDebuggerIdentifier = "Xcode.DebuggerFoundation.Debugger.LLDB"
      selectedLauncherIdentifier = "Xcode.DebuggerFoundation.Launcher.LLDB"
      shouldUseLaunchSchemeArgsEnv = "YES"
      buildConfiguration = "Debug">
      <Testables>
      </Testables>
      <MacroExpansion>
         <BuildableReference
            BuildableIdentifier = "primary"
            BlueprintIdentifier = "992D5A421C57008900637F53"
            BuildableName = "hw1"
            BlueprintName = "hw1"
            ReferencedContainer = "container:hw1.xcodeproj">
         </BuildableReference>
      </MacroExpansion>
   </TestAction>
   <LaunchAction
      selectedDebuggerIdentifier = "Xcode.DebuggerFoundation.Debugger.LLDB"
      selectedLauncherIdentifier = "Xcode.DebuggerFoundation.Launcher.LLDB"
      launchStyle = "0"
      useCustomWorkingDirectory = "YES"
      customWorkingDirectory = "/Users/korabay/Desktop/hw1/hw1"
      buildConfiguration = "Debug"
      ignoresPersistentStateOnLaunch = "NO"
      debugDocumentVersioning = "YES"
      allowLocationSimulation = "YES">
      <BuildableProductRunnable
         runnableDebuggingMode = "0">
         <BuildableReference
            BuildableIdentifier = "primary"
            BlueprintIdentifier = "992D5A421C57008900637F53"
            BuildableName = "hw1"
            BlueprintName = "hw1"
            ReferencedContainer = "container:hw1.xcodeproj">
         </BuildableReference>
      </BuildableProductRunnable>
      <CommandLineArguments>
         <CommandLineArgument
            argument = "dec-base64"
            isEnabled = "YES">
         </CommandLineArgument>
         <CommandLineArgument
            argument = "tada2"
            isEnabled = "NO">
         </CommandLineArgument>
         <CommandLineArgument
            argument = "tada3"
            isEnabled = "YES">
         </CommandLineArgument>
         <CommandLineArgument
            argument = "usctommy.gif"
            isEnabled = "NO">
         </CommandLineArgument>
         <CommandLineArgument
            argument = "hexdump"
            isEnabled = "NO">
         </CommandLineArgument>
         <CommandLineArgument
            argument = "f101.b64"
            isEnabled = "NO">
         </CommandLineArgument>
         <CommandLineArgument
            argument = "enced"
            isEnabled = "NO">
         </CommandLineArgument>
         <CommandLineArgument
            argument = "dtest2"
            isEnabled = "NO">
         </CommandLineArgument>
         <CommandLineArgument
            argument = "enc-base64"
            isEnabled = "NO">
         </CommandLineArgument>
         <CommandLineArgument
            argument = "yesterday.txt"
            isEnabled = "NO">
         </CommandLineArgument>
      </CommandLineArguments>
      <AdditionalOptions>
      </AdditionalOptions>
   </LaunchAction>
   <ProfileAction
      shouldUseLaunchSchemeArgsEnv = "YES"
      savedToolIdentifier = ""
      useCustomWorkingDirectory = "NO"
      buildConfiguration = "Release"
      debugDocumentVersioning = "YES">
      <BuildableProductRunnable
         runnableDebuggingMode = "0">
         <BuildableReference
            BuildableIdentifier = "primary"
            BlueprintIdentifier = "992D5A421C57008900637F53"
            BuildableName = "hw1"
            BlueprintName = "hw1"
            ReferencedContainer = "container:hw1.xcodeproj">
         </BuildableReference>
      </BuildableProductRunnable>
   </ProfileAction>
   <AnalyzeAction
      buildConfiguration = "Debug">
   </AnalyzeAction>
   <ArchiveAction
      buildConfiguration = "Release"
      revealArchiveInOrganizer = "YES">
   </ArchiveAction>
</Scheme>
